{
  "name": "dream_dictionary_bot",
  "version": "1.0.0",
  "lockfileVersion": 1,
  "requires": true,
  "dependencies": {
    "dictionary-en-us": {
      "version": "2.0.0",
      "resolved": "https://registry.npmjs.org/dictionary-en-us/-/dictionary-en-us-2.0.0.tgz",
      "integrity": "sha512-AK8iDBvTHD0bxcEFEDUtofQ9w8Po7ZQCrrZo06ELw3UngJcnjUoEwvrkQfdeRBRcKD+QG9RU6SPYFYGGbuEQXQ=="
    },
    "dotenv": {
      "version": "6.0.0",
      "resolved": "https://registry.npmjs.org/dotenv/-/dotenv-6.0.0.tgz",
      "integrity": "sha512-FlWbnhgjtwD+uNLUGHbMykMOYQaTivdHEmYwAKFjn6GKe/CqY0fNae93ZHTd20snh9ZLr8mTzIL9m0APQ1pjQg=="
    },
    "is-buffer": {
      "version": "2.0.3",
      "resolved": "https://registry.npmjs.org/is-buffer/-/is-buffer-2.0.3.tgz",
      "integrity": "sha512-U15Q7MXTuZlrbymiz95PJpZxu8IlipAp4dtS3wOdgPXx3mqBnslrWU14kxfHB+Py/+2PVKSr37dMAgM2A4uArw=="
    },
    "nspell": {
      "version": "2.1.0",
      "resolved": "https://registry.npmjs.org/nspell/-/nspell-2.1.0.tgz",
      "integrity": "sha512-jrXE7tZvLbWuuAZt/fR8yPTeypBHDhmRPuY+MsVSRAZKB2UO+IWncnCb/CCFlBurMhTDZ9dZ3fhA4TU6QRId7g==",
      "requires": {
        "is-buffer": "^2.0.0"
      }
    },
    "telegram-node-bot": {
      "version": "4.0.5",
      "resolved": "https://registry.npmjs.org/telegram-node-bot/-/telegram-node-bot-4.0.5.tgz",
      "integrity": "sha1-H1Zay+iZJbASdlZgZpbYdhvqGQc=",
      "requires": {
        "tiny_request": "latest"
      }
    },
    "tiny_request": {
      "version": "1.0.13",
      "resolved": "https://registry.npmjs.org/tiny_request/-/tiny_request-1.0.13.tgz",
      "integrity": "sha1-gbmXd5R1GdNLDnOsnrb1AnpVL5I="
    }
  }
}
