{
  "name": "dream_dictionary_bot",
  "version": "1.0.0",
  "lockfileVersion": 1,
  "requires": true,
  "dependencies": {
    "dictionary-en-us": {
      "version": "2.0.0",
      "resolved": "https://registry.npmjs.org/dictionary-en-us/-/dictionary-en-us-2.0.0.tgz",
      "integrity": "sha512-AK8iDBvTHD0bxcEFEDUtofQ9w8Po7ZQCrrZo06ELw3UngJcnjUoEwvrkQfdeRBRcKD+QG9RU6SPYFYGGbuEQXQ=="
    },
    "dotenv": {
      "version": "6.0.0",
      "resolved": "https://registry.npmjs.org/dotenv/-/dotenv-6.0.0.tgz",
      "integrity": "sha512-FlWbnhgjtwD+uNLUGHbMykMOYQaTivdHEmYwAKFjn6GKe/CqY0fNae93ZHTd20snh9ZLr8mTzIL9m0APQ1pjQg=="
    },
    "telegram-node-bot": {
      "version": "4.0.5",
      "resolved": "https://registry.npmjs.org/telegram-node-bot/-/telegram-node-bot-4.0.5.tgz",
      "integrity": "sha1-H1Zay+iZJbASdlZgZpbYdhvqGQc=",
      "requires": {
        "tiny_request": "^1.0.13"
      }
    },
    "tiny_request": {
      "version": "1.0.13",
      "resolved": "https://registry.npmjs.org/tiny_request/-/tiny_request-1.0.13.tgz",
      "integrity": "sha1-gbmXd5R1GdNLDnOsnrb1AnpVL5I="
    }
  }
}
